
Microsoft Visual Studio Solution File, Format Version 12.00
# Visual Studio Version 16
VisualStudioVersion = 16.0.30225.117
MinimumVisualStudioVersion = 10.0.40219.1
Project("{FAE04EC0-301F-11D3-BF4B-00C04F79EFBC}") = "Bowling Statistics", "Bowling Statistics\Bowling Statistics.csproj", "{ABE1ADBA-FAB6-4454-B986-C1C99DF75F2B}"
EndProject
Global
	GlobalSection(SolutionConfigurationPlatforms) = preSolution
		Debug|Any CPU = Debug|Any CPU
		Release|Any CPU = Release|Any CPU
	EndGlobalSection
	GlobalSection(ProjectConfigurationPlatforms) = postSolution
		{ABE1ADBA-FAB6-4454-B986-C1C99DF75F2B}.Debug|Any CPU.ActiveCfg = Debug|Any CPU
		{ABE1ADBA-FAB6-4454-B986-C1C99DF75F2B}.Debug|Any CPU.Build.0 = Debug|Any CPU
		{ABE1ADBA-FAB6-4454-B986-C1C99DF75F2B}.Release|Any CPU.ActiveCfg = Release|Any CPU
		{ABE1ADBA-FAB6-4454-B986-C1C99DF75F2B}.Release|Any CPU.Build.0 = Release|Any CPU
	EndGlobalSection
	GlobalSection(SolutionProperties) = preSolution
		HideSolutionNode = FALSE
	EndGlobalSection
	GlobalSection(ExtensibilityGlobals) = postSolution
		SolutionGuid = {8A366C1B-AC0A-4311-9C97-CDD7484799F1}
	EndGlobalSection
EndGlobal
